
Microsoft Visual Studio Solution File, Format Version 12.00
# Visual Studio Version 16
VisualStudioVersion = 16.0.31624.102
MinimumVisualStudioVersion = 10.0.40219.1
Project("{FAE04EC0-301F-11D3-BF4B-00C04F79EFBC}") = "PhoneBook.UI", "PhoneBook.UI\PhoneBook.UI.csproj", "{0CE2FBA6-50EE-4F8B-875D-32CF4677AA60}"
EndProject
Project("{FAE04EC0-301F-11D3-BF4B-00C04F79EFBC}") = "PhoneBook.Entities_", "PhoneBook.Entities_\PhoneBook.Entities_.csproj", "{7A891CBD-75EE-49DB-98C6-D419C6F3F720}"
EndProject
Project("{FAE04EC0-301F-11D3-BF4B-00C04F79EFBC}") = "PhoneBook.Core_", "PhoneBook.Core_\PhoneBook.Core_.csproj", "{8A60F51E-9E74-45E3-AABD-212DB3C29F96}"
EndProject
Project("{FAE04EC0-301F-11D3-BF4B-00C04F79EFBC}") = "PhoneBook.Business_", "PhoneBook.Business_\PhoneBook.Business_.csproj", "{BBC1BD56-0A8E-477B-95E8-3C5B06DFA229}"
EndProject
Global
	GlobalSection(SolutionConfigurationPlatforms) = preSolution
		Debug|Any CPU = Debug|Any CPU
		Release|Any CPU = Release|Any CPU
	EndGlobalSection
	GlobalSection(ProjectConfigurationPlatforms) = postSolution
		{0CE2FBA6-50EE-4F8B-875D-32CF4677AA60}.Debug|Any CPU.ActiveCfg = Debug|Any CPU
		{0CE2FBA6-50EE-4F8B-875D-32CF4677AA60}.Debug|Any CPU.Build.0 = Debug|Any CPU
		{0CE2FBA6-50EE-4F8B-875D-32CF4677AA60}.Release|Any CPU.ActiveCfg = Release|Any CPU
		{0CE2FBA6-50EE-4F8B-875D-32CF4677AA60}.Release|Any CPU.Build.0 = Release|Any CPU
		{7A891CBD-75EE-49DB-98C6-D419C6F3F720}.Debug|Any CPU.ActiveCfg = Debug|Any CPU
		{7A891CBD-75EE-49DB-98C6-D419C6F3F720}.Debug|Any CPU.Build.0 = Debug|Any CPU
		{7A891CBD-75EE-49DB-98C6-D419C6F3F720}.Release|Any CPU.ActiveCfg = Release|Any CPU
		{7A891CBD-75EE-49DB-98C6-D419C6F3F720}.Release|Any CPU.Build.0 = Release|Any CPU
		{8A60F51E-9E74-45E3-AABD-212DB3C29F96}.Debug|Any CPU.ActiveCfg = Debug|Any CPU
		{8A60F51E-9E74-45E3-AABD-212DB3C29F96}.Debug|Any CPU.Build.0 = Debug|Any CPU
		{8A60F51E-9E74-45E3-AABD-212DB3C29F96}.Release|Any CPU.ActiveCfg = Release|Any CPU
		{8A60F51E-9E74-45E3-AABD-212DB3C29F96}.Release|Any CPU.Build.0 = Release|Any CPU
		{BBC1BD56-0A8E-477B-95E8-3C5B06DFA229}.Debug|Any CPU.ActiveCfg = Debug|Any CPU
		{BBC1BD56-0A8E-477B-95E8-3C5B06DFA229}.Debug|Any CPU.Build.0 = Debug|Any CPU
		{BBC1BD56-0A8E-477B-95E8-3C5B06DFA229}.Release|Any CPU.ActiveCfg = Release|Any CPU
		{BBC1BD56-0A8E-477B-95E8-3C5B06DFA229}.Release|Any CPU.Build.0 = Release|Any CPU
	EndGlobalSection
	GlobalSection(SolutionProperties) = preSolution
		HideSolutionNode = FALSE
	EndGlobalSection
	GlobalSection(ExtensibilityGlobals) = postSolution
		SolutionGuid = {7F3EE61D-87BD-4D6D-95DF-6FF69414110F}
	EndGlobalSection
EndGlobal
