
Microsoft Visual Studio Solution File, Format Version 12.00
# Visual Studio Version 16
VisualStudioVersion = 16.0.31019.35
MinimumVisualStudioVersion = 10.0.40219.1
Project("{9A19103F-16F7-4668-BE54-9A1E7A4F7556}") = "Week1_Task1", "Week1_Task1\Week1_Task1.csproj", "{809A97D7-16D1-42C0-80CF-BF415CACF837}"
EndProject
Project("{9A19103F-16F7-4668-BE54-9A1E7A4F7556}") = "Week1_Task2", "Week1_Task2\Week1_Task2.csproj", "{6EE644CB-3DE5-4378-B1EF-F80A7E1DD16E}"
EndProject
Project("{9A19103F-16F7-4668-BE54-9A1E7A4F7556}") = "Week1_Task3", "Week1_Task3\Week1_Task3.csproj", "{98990F56-C53F-4F35-B8A6-4210C1405D5D}"
EndProject
Project("{9A19103F-16F7-4668-BE54-9A1E7A4F7556}") = "Week1_Task4", "Week1_Task4\Week1_Task4.csproj", "{7BB3CEF4-CCB5-4633-8D4A-5AD2B215EF32}"
EndProject
Project("{9A19103F-16F7-4668-BE54-9A1E7A4F7556}") = "Week2_Task1", "Week2_Task1\Week2_Task1.csproj", "{6A997720-A85E-4AA6-A36C-F70A00E070BB}"
EndProject
Project("{9A19103F-16F7-4668-BE54-9A1E7A4F7556}") = "Week2_Task2", "Week2_Task2\Week2_Task2.csproj", "{AF3AA369-9368-4A29-8795-F8E85ED02DD7}"
EndProject
Project("{9A19103F-16F7-4668-BE54-9A1E7A4F7556}") = "Week2_Task3", "Week2_Task3\Week2_Task3.csproj", "{CE7DDF89-8ADA-4641-BF98-2A858E6AA885}"
EndProject
Project("{9A19103F-16F7-4668-BE54-9A1E7A4F7556}") = "Week2_Task4", "Week2_Task4\Week2_Task4.csproj", "{D3F19936-B891-43D7-8AB1-EA352954199C}"
EndProject
Project("{9A19103F-16F7-4668-BE54-9A1E7A4F7556}") = "Week2_Task5", "Week2_Task5\Week2_Task5.csproj", "{9AE76156-A8B4-45DB-96CF-BE2CD247DF69}"
EndProject
Project("{9A19103F-16F7-4668-BE54-9A1E7A4F7556}") = "Week2_Task6", "Week2_Task6\Week2_Task6.csproj", "{1A696EC2-0835-4AA4-958F-AB5A55C2A1EA}"
EndProject
Project("{2150E333-8FDC-42A3-9474-1A3956D46DE8}") = "Week1", "Week1", "{163BD4D8-ECAC-42C3-B270-DF4BC76798C4}"
EndProject
Project("{2150E333-8FDC-42A3-9474-1A3956D46DE8}") = "Week2", "Week2", "{9D704AD2-EA54-4528-A51B-03AABCAC0BD3}"
EndProject
Project("{2150E333-8FDC-42A3-9474-1A3956D46DE8}") = "Week3", "Week3", "{889C6AE8-8929-4915-8440-C70CFA3BD257}"
EndProject
Project("{9A19103F-16F7-4668-BE54-9A1E7A4F7556}") = "Week3_Task1", "Week3_Task1\Week3_Task1.csproj", "{D0F0ACDC-7B0B-4E27-A8C1-108A6773285F}"
EndProject
Project("{9A19103F-16F7-4668-BE54-9A1E7A4F7556}") = "Week3_Task2", "Week3_Task2\Week3_Task2.csproj", "{C55145BC-0FF7-41A1-A2A2-B6E5AE5C23DA}"
EndProject
Project("{9A19103F-16F7-4668-BE54-9A1E7A4F7556}") = "Week3_Task3", "Week3_Task3\Week3_Task3.csproj", "{17384116-7438-4AC4-9774-E62ECF65F6D5}"
EndProject
Project("{9A19103F-16F7-4668-BE54-9A1E7A4F7556}") = "Week3_Task4", "ConsoleApp1\Week3_Task4.csproj", "{A6144B91-F7EB-4CF9-BBC0-E08C5C8E1319}"
EndProject
Project("{FAE04EC0-301F-11D3-BF4B-00C04F79EFBC}") = "Week3_Task4_second_method", "Week3_Task4_second_method\Week3_Task4_second_method.csproj", "{8603629A-FD37-4131-88D1-2D4014FF3A02}"
EndProject
Global
	GlobalSection(SolutionConfigurationPlatforms) = preSolution
		Debug|Any CPU = Debug|Any CPU
		Release|Any CPU = Release|Any CPU
	EndGlobalSection
	GlobalSection(ProjectConfigurationPlatforms) = postSolution
		{809A97D7-16D1-42C0-80CF-BF415CACF837}.Debug|Any CPU.ActiveCfg = Debug|Any CPU
		{809A97D7-16D1-42C0-80CF-BF415CACF837}.Debug|Any CPU.Build.0 = Debug|Any CPU
		{809A97D7-16D1-42C0-80CF-BF415CACF837}.Release|Any CPU.ActiveCfg = Release|Any CPU
		{809A97D7-16D1-42C0-80CF-BF415CACF837}.Release|Any CPU.Build.0 = Release|Any CPU
		{6EE644CB-3DE5-4378-B1EF-F80A7E1DD16E}.Debug|Any CPU.ActiveCfg = Debug|Any CPU
		{6EE644CB-3DE5-4378-B1EF-F80A7E1DD16E}.Debug|Any CPU.Build.0 = Debug|Any CPU
		{6EE644CB-3DE5-4378-B1EF-F80A7E1DD16E}.Release|Any CPU.ActiveCfg = Release|Any CPU
		{6EE644CB-3DE5-4378-B1EF-F80A7E1DD16E}.Release|Any CPU.Build.0 = Release|Any CPU
		{98990F56-C53F-4F35-B8A6-4210C1405D5D}.Debug|Any CPU.ActiveCfg = Debug|Any CPU
		{98990F56-C53F-4F35-B8A6-4210C1405D5D}.Debug|Any CPU.Build.0 = Debug|Any CPU
		{98990F56-C53F-4F35-B8A6-4210C1405D5D}.Release|Any CPU.ActiveCfg = Release|Any CPU
		{98990F56-C53F-4F35-B8A6-4210C1405D5D}.Release|Any CPU.Build.0 = Release|Any CPU
		{7BB3CEF4-CCB5-4633-8D4A-5AD2B215EF32}.Debug|Any CPU.ActiveCfg = Debug|Any CPU
		{7BB3CEF4-CCB5-4633-8D4A-5AD2B215EF32}.Debug|Any CPU.Build.0 = Debug|Any CPU
		{7BB3CEF4-CCB5-4633-8D4A-5AD2B215EF32}.Release|Any CPU.ActiveCfg = Release|Any CPU
		{7BB3CEF4-CCB5-4633-8D4A-5AD2B215EF32}.Release|Any CPU.Build.0 = Release|Any CPU
		{6A997720-A85E-4AA6-A36C-F70A00E070BB}.Debug|Any CPU.ActiveCfg = Debug|Any CPU
		{6A997720-A85E-4AA6-A36C-F70A00E070BB}.Debug|Any CPU.Build.0 = Debug|Any CPU
		{6A997720-A85E-4AA6-A36C-F70A00E070BB}.Release|Any CPU.ActiveCfg = Release|Any CPU
		{6A997720-A85E-4AA6-A36C-F70A00E070BB}.Release|Any CPU.Build.0 = Release|Any CPU
		{AF3AA369-9368-4A29-8795-F8E85ED02DD7}.Debug|Any CPU.ActiveCfg = Debug|Any CPU
		{AF3AA369-9368-4A29-8795-F8E85ED02DD7}.Debug|Any CPU.Build.0 = Debug|Any CPU
		{AF3AA369-9368-4A29-8795-F8E85ED02DD7}.Release|Any CPU.ActiveCfg = Release|Any CPU
		{AF3AA369-9368-4A29-8795-F8E85ED02DD7}.Release|Any CPU.Build.0 = Release|Any CPU
		{CE7DDF89-8ADA-4641-BF98-2A858E6AA885}.Debug|Any CPU.ActiveCfg = Debug|Any CPU
		{CE7DDF89-8ADA-4641-BF98-2A858E6AA885}.Debug|Any CPU.Build.0 = Debug|Any CPU
		{CE7DDF89-8ADA-4641-BF98-2A858E6AA885}.Release|Any CPU.ActiveCfg = Release|Any CPU
		{CE7DDF89-8ADA-4641-BF98-2A858E6AA885}.Release|Any CPU.Build.0 = Release|Any CPU
		{D3F19936-B891-43D7-8AB1-EA352954199C}.Debug|Any CPU.ActiveCfg = Debug|Any CPU
		{D3F19936-B891-43D7-8AB1-EA352954199C}.Debug|Any CPU.Build.0 = Debug|Any CPU
		{D3F19936-B891-43D7-8AB1-EA352954199C}.Release|Any CPU.ActiveCfg = Release|Any CPU
		{D3F19936-B891-43D7-8AB1-EA352954199C}.Release|Any CPU.Build.0 = Release|Any CPU
		{9AE76156-A8B4-45DB-96CF-BE2CD247DF69}.Debug|Any CPU.ActiveCfg = Debug|Any CPU
		{9AE76156-A8B4-45DB-96CF-BE2CD247DF69}.Debug|Any CPU.Build.0 = Debug|Any CPU
		{9AE76156-A8B4-45DB-96CF-BE2CD247DF69}.Release|Any CPU.ActiveCfg = Release|Any CPU
		{9AE76156-A8B4-45DB-96CF-BE2CD247DF69}.Release|Any CPU.Build.0 = Release|Any CPU
		{1A696EC2-0835-4AA4-958F-AB5A55C2A1EA}.Debug|Any CPU.ActiveCfg = Debug|Any CPU
		{1A696EC2-0835-4AA4-958F-AB5A55C2A1EA}.Debug|Any CPU.Build.0 = Debug|Any CPU
		{1A696EC2-0835-4AA4-958F-AB5A55C2A1EA}.Release|Any CPU.ActiveCfg = Release|Any CPU
		{1A696EC2-0835-4AA4-958F-AB5A55C2A1EA}.Release|Any CPU.Build.0 = Release|Any CPU
		{D0F0ACDC-7B0B-4E27-A8C1-108A6773285F}.Debug|Any CPU.ActiveCfg = Debug|Any CPU
		{D0F0ACDC-7B0B-4E27-A8C1-108A6773285F}.Debug|Any CPU.Build.0 = Debug|Any CPU
		{D0F0ACDC-7B0B-4E27-A8C1-108A6773285F}.Release|Any CPU.ActiveCfg = Release|Any CPU
		{D0F0ACDC-7B0B-4E27-A8C1-108A6773285F}.Release|Any CPU.Build.0 = Release|Any CPU
		{C55145BC-0FF7-41A1-A2A2-B6E5AE5C23DA}.Debug|Any CPU.ActiveCfg = Debug|Any CPU
		{C55145BC-0FF7-41A1-A2A2-B6E5AE5C23DA}.Debug|Any CPU.Build.0 = Debug|Any CPU
		{C55145BC-0FF7-41A1-A2A2-B6E5AE5C23DA}.Release|Any CPU.ActiveCfg = Release|Any CPU
		{C55145BC-0FF7-41A1-A2A2-B6E5AE5C23DA}.Release|Any CPU.Build.0 = Release|Any CPU
		{17384116-7438-4AC4-9774-E62ECF65F6D5}.Debug|Any CPU.ActiveCfg = Debug|Any CPU
		{17384116-7438-4AC4-9774-E62ECF65F6D5}.Debug|Any CPU.Build.0 = Debug|Any CPU
		{17384116-7438-4AC4-9774-E62ECF65F6D5}.Release|Any CPU.ActiveCfg = Release|Any CPU
		{17384116-7438-4AC4-9774-E62ECF65F6D5}.Release|Any CPU.Build.0 = Release|Any CPU
		{A6144B91-F7EB-4CF9-BBC0-E08C5C8E1319}.Debug|Any CPU.ActiveCfg = Debug|Any CPU
		{A6144B91-F7EB-4CF9-BBC0-E08C5C8E1319}.Debug|Any CPU.Build.0 = Debug|Any CPU
		{A6144B91-F7EB-4CF9-BBC0-E08C5C8E1319}.Release|Any CPU.ActiveCfg = Release|Any CPU
		{A6144B91-F7EB-4CF9-BBC0-E08C5C8E1319}.Release|Any CPU.Build.0 = Release|Any CPU
		{8603629A-FD37-4131-88D1-2D4014FF3A02}.Debug|Any CPU.ActiveCfg = Debug|Any CPU
		{8603629A-FD37-4131-88D1-2D4014FF3A02}.Debug|Any CPU.Build.0 = Debug|Any CPU
		{8603629A-FD37-4131-88D1-2D4014FF3A02}.Release|Any CPU.ActiveCfg = Release|Any CPU
		{8603629A-FD37-4131-88D1-2D4014FF3A02}.Release|Any CPU.Build.0 = Release|Any CPU
	EndGlobalSection
	GlobalSection(SolutionProperties) = preSolution
		HideSolutionNode = FALSE
	EndGlobalSection
	GlobalSection(NestedProjects) = preSolution
		{809A97D7-16D1-42C0-80CF-BF415CACF837} = {163BD4D8-ECAC-42C3-B270-DF4BC76798C4}
		{6EE644CB-3DE5-4378-B1EF-F80A7E1DD16E} = {163BD4D8-ECAC-42C3-B270-DF4BC76798C4}
		{98990F56-C53F-4F35-B8A6-4210C1405D5D} = {163BD4D8-ECAC-42C3-B270-DF4BC76798C4}
		{7BB3CEF4-CCB5-4633-8D4A-5AD2B215EF32} = {163BD4D8-ECAC-42C3-B270-DF4BC76798C4}
		{6A997720-A85E-4AA6-A36C-F70A00E070BB} = {9D704AD2-EA54-4528-A51B-03AABCAC0BD3}
		{AF3AA369-9368-4A29-8795-F8E85ED02DD7} = {9D704AD2-EA54-4528-A51B-03AABCAC0BD3}
		{CE7DDF89-8ADA-4641-BF98-2A858E6AA885} = {9D704AD2-EA54-4528-A51B-03AABCAC0BD3}
		{D3F19936-B891-43D7-8AB1-EA352954199C} = {9D704AD2-EA54-4528-A51B-03AABCAC0BD3}
		{9AE76156-A8B4-45DB-96CF-BE2CD247DF69} = {9D704AD2-EA54-4528-A51B-03AABCAC0BD3}
		{1A696EC2-0835-4AA4-958F-AB5A55C2A1EA} = {9D704AD2-EA54-4528-A51B-03AABCAC0BD3}
		{D0F0ACDC-7B0B-4E27-A8C1-108A6773285F} = {889C6AE8-8929-4915-8440-C70CFA3BD257}
		{C55145BC-0FF7-41A1-A2A2-B6E5AE5C23DA} = {889C6AE8-8929-4915-8440-C70CFA3BD257}
		{17384116-7438-4AC4-9774-E62ECF65F6D5} = {889C6AE8-8929-4915-8440-C70CFA3BD257}
		{A6144B91-F7EB-4CF9-BBC0-E08C5C8E1319} = {889C6AE8-8929-4915-8440-C70CFA3BD257}
		{8603629A-FD37-4131-88D1-2D4014FF3A02} = {889C6AE8-8929-4915-8440-C70CFA3BD257}
	EndGlobalSection
	GlobalSection(ExtensibilityGlobals) = postSolution
		SolutionGuid = {30A07C54-5E1F-42A5-9B1B-932A79304A1F}
	EndGlobalSection
EndGlobal
