
Microsoft Visual Studio Solution File, Format Version 12.00
# Visual Studio Version 16
VisualStudioVersion = 16.0.31019.35
MinimumVisualStudioVersion = 10.0.40219.1
Project("{9A19103F-16F7-4668-BE54-9A1E7A4F7556}") = "Task1", "Week1_Task1\Task1.csproj", "{9C48D6E5-6E7C-44B3-9B27-F9D39A9B00BD}"
EndProject
Project("{9A19103F-16F7-4668-BE54-9A1E7A4F7556}") = "Task2", "Week1_Task2\Task2.csproj", "{2CB71BF9-B3B2-412A-86C9-23FBEAC71D31}"
EndProject
Project("{2150E333-8FDC-42A3-9474-1A3956D46DE8}") = "Week1", "Week1", "{FFE64693-C938-45E9-A2D4-172FE4E44B66}"
EndProject
Project("{FAE04EC0-301F-11D3-BF4B-00C04F79EFBC}") = "Task3", "Task3\Task3.csproj", "{CB3E927C-EEE7-4EDA-8697-E82DC35C0BEA}"
EndProject
Project("{FAE04EC0-301F-11D3-BF4B-00C04F79EFBC}") = "Task4", "Task4\Task4.csproj", "{00548445-E293-46AC-83D9-F71403BED4E1}"
EndProject
Project("{FAE04EC0-301F-11D3-BF4B-00C04F79EFBC}") = "Task1__w2", "Task1__w2\Task1__w2.csproj", "{322C8248-4F1A-4CF5-A9F5-5EC6D172B98B}"
EndProject
Project("{FAE04EC0-301F-11D3-BF4B-00C04F79EFBC}") = "Task2__w2", "Task2__w2\Task2__w2.csproj", "{193403DC-DC04-4D9A-A66F-7E59BAA8E949}"
EndProject
Project("{FAE04EC0-301F-11D3-BF4B-00C04F79EFBC}") = "Task3__w2", "Task3__w2\Task3__w2.csproj", "{C6CF5730-D8C7-484B-99B9-49DFAD8B1316}"
EndProject
Project("{FAE04EC0-301F-11D3-BF4B-00C04F79EFBC}") = "Task4__w2", "Task4__w2\Task4__w2.csproj", "{62603152-CDD6-415A-9F22-C6939CD667AD}"
EndProject
Project("{FAE04EC0-301F-11D3-BF4B-00C04F79EFBC}") = "Task5__w2", "Task5__w2\Task5__w2.csproj", "{C91149B2-E428-4A33-A5CD-3C02B6025BCE}"
EndProject
Project("{FAE04EC0-301F-11D3-BF4B-00C04F79EFBC}") = "Task6__w2", "Task6__w2\Task6__w2.csproj", "{9A2C0326-47CC-496D-B4D7-3984ABCADC48}"
EndProject
Project("{2150E333-8FDC-42A3-9474-1A3956D46DE8}") = "Week2", "Week2", "{E1BBD02F-45B4-4288-82C2-0BDBF4A0CBA8}"
EndProject
Global
	GlobalSection(SolutionConfigurationPlatforms) = preSolution
		Debug|Any CPU = Debug|Any CPU
		Release|Any CPU = Release|Any CPU
	EndGlobalSection
	GlobalSection(ProjectConfigurationPlatforms) = postSolution
		{9C48D6E5-6E7C-44B3-9B27-F9D39A9B00BD}.Debug|Any CPU.ActiveCfg = Debug|Any CPU
		{9C48D6E5-6E7C-44B3-9B27-F9D39A9B00BD}.Debug|Any CPU.Build.0 = Debug|Any CPU
		{9C48D6E5-6E7C-44B3-9B27-F9D39A9B00BD}.Release|Any CPU.ActiveCfg = Release|Any CPU
		{9C48D6E5-6E7C-44B3-9B27-F9D39A9B00BD}.Release|Any CPU.Build.0 = Release|Any CPU
		{2CB71BF9-B3B2-412A-86C9-23FBEAC71D31}.Debug|Any CPU.ActiveCfg = Debug|Any CPU
		{2CB71BF9-B3B2-412A-86C9-23FBEAC71D31}.Debug|Any CPU.Build.0 = Debug|Any CPU
		{2CB71BF9-B3B2-412A-86C9-23FBEAC71D31}.Release|Any CPU.ActiveCfg = Release|Any CPU
		{2CB71BF9-B3B2-412A-86C9-23FBEAC71D31}.Release|Any CPU.Build.0 = Release|Any CPU
		{CB3E927C-EEE7-4EDA-8697-E82DC35C0BEA}.Debug|Any CPU.ActiveCfg = Debug|Any CPU
		{CB3E927C-EEE7-4EDA-8697-E82DC35C0BEA}.Debug|Any CPU.Build.0 = Debug|Any CPU
		{CB3E927C-EEE7-4EDA-8697-E82DC35C0BEA}.Release|Any CPU.ActiveCfg = Release|Any CPU
		{CB3E927C-EEE7-4EDA-8697-E82DC35C0BEA}.Release|Any CPU.Build.0 = Release|Any CPU
		{00548445-E293-46AC-83D9-F71403BED4E1}.Debug|Any CPU.ActiveCfg = Debug|Any CPU
		{00548445-E293-46AC-83D9-F71403BED4E1}.Debug|Any CPU.Build.0 = Debug|Any CPU
		{00548445-E293-46AC-83D9-F71403BED4E1}.Release|Any CPU.ActiveCfg = Release|Any CPU
		{00548445-E293-46AC-83D9-F71403BED4E1}.Release|Any CPU.Build.0 = Release|Any CPU
		{322C8248-4F1A-4CF5-A9F5-5EC6D172B98B}.Debug|Any CPU.ActiveCfg = Debug|Any CPU
		{322C8248-4F1A-4CF5-A9F5-5EC6D172B98B}.Debug|Any CPU.Build.0 = Debug|Any CPU
		{322C8248-4F1A-4CF5-A9F5-5EC6D172B98B}.Release|Any CPU.ActiveCfg = Release|Any CPU
		{322C8248-4F1A-4CF5-A9F5-5EC6D172B98B}.Release|Any CPU.Build.0 = Release|Any CPU
		{193403DC-DC04-4D9A-A66F-7E59BAA8E949}.Debug|Any CPU.ActiveCfg = Debug|Any CPU
		{193403DC-DC04-4D9A-A66F-7E59BAA8E949}.Debug|Any CPU.Build.0 = Debug|Any CPU
		{193403DC-DC04-4D9A-A66F-7E59BAA8E949}.Release|Any CPU.ActiveCfg = Release|Any CPU
		{193403DC-DC04-4D9A-A66F-7E59BAA8E949}.Release|Any CPU.Build.0 = Release|Any CPU
		{C6CF5730-D8C7-484B-99B9-49DFAD8B1316}.Debug|Any CPU.ActiveCfg = Debug|Any CPU
		{C6CF5730-D8C7-484B-99B9-49DFAD8B1316}.Debug|Any CPU.Build.0 = Debug|Any CPU
		{C6CF5730-D8C7-484B-99B9-49DFAD8B1316}.Release|Any CPU.ActiveCfg = Release|Any CPU
		{C6CF5730-D8C7-484B-99B9-49DFAD8B1316}.Release|Any CPU.Build.0 = Release|Any CPU
		{62603152-CDD6-415A-9F22-C6939CD667AD}.Debug|Any CPU.ActiveCfg = Debug|Any CPU
		{62603152-CDD6-415A-9F22-C6939CD667AD}.Debug|Any CPU.Build.0 = Debug|Any CPU
		{62603152-CDD6-415A-9F22-C6939CD667AD}.Release|Any CPU.ActiveCfg = Release|Any CPU
		{62603152-CDD6-415A-9F22-C6939CD667AD}.Release|Any CPU.Build.0 = Release|Any CPU
		{C91149B2-E428-4A33-A5CD-3C02B6025BCE}.Debug|Any CPU.ActiveCfg = Debug|Any CPU
		{C91149B2-E428-4A33-A5CD-3C02B6025BCE}.Debug|Any CPU.Build.0 = Debug|Any CPU
		{C91149B2-E428-4A33-A5CD-3C02B6025BCE}.Release|Any CPU.ActiveCfg = Release|Any CPU
		{C91149B2-E428-4A33-A5CD-3C02B6025BCE}.Release|Any CPU.Build.0 = Release|Any CPU
		{9A2C0326-47CC-496D-B4D7-3984ABCADC48}.Debug|Any CPU.ActiveCfg = Debug|Any CPU
		{9A2C0326-47CC-496D-B4D7-3984ABCADC48}.Debug|Any CPU.Build.0 = Debug|Any CPU
		{9A2C0326-47CC-496D-B4D7-3984ABCADC48}.Release|Any CPU.ActiveCfg = Release|Any CPU
		{9A2C0326-47CC-496D-B4D7-3984ABCADC48}.Release|Any CPU.Build.0 = Release|Any CPU
	EndGlobalSection
	GlobalSection(SolutionProperties) = preSolution
		HideSolutionNode = FALSE
	EndGlobalSection
	GlobalSection(NestedProjects) = preSolution
		{9C48D6E5-6E7C-44B3-9B27-F9D39A9B00BD} = {FFE64693-C938-45E9-A2D4-172FE4E44B66}
		{2CB71BF9-B3B2-412A-86C9-23FBEAC71D31} = {FFE64693-C938-45E9-A2D4-172FE4E44B66}
		{CB3E927C-EEE7-4EDA-8697-E82DC35C0BEA} = {FFE64693-C938-45E9-A2D4-172FE4E44B66}
		{00548445-E293-46AC-83D9-F71403BED4E1} = {FFE64693-C938-45E9-A2D4-172FE4E44B66}
		{322C8248-4F1A-4CF5-A9F5-5EC6D172B98B} = {E1BBD02F-45B4-4288-82C2-0BDBF4A0CBA8}
		{193403DC-DC04-4D9A-A66F-7E59BAA8E949} = {E1BBD02F-45B4-4288-82C2-0BDBF4A0CBA8}
		{C6CF5730-D8C7-484B-99B9-49DFAD8B1316} = {E1BBD02F-45B4-4288-82C2-0BDBF4A0CBA8}
		{62603152-CDD6-415A-9F22-C6939CD667AD} = {E1BBD02F-45B4-4288-82C2-0BDBF4A0CBA8}
		{C91149B2-E428-4A33-A5CD-3C02B6025BCE} = {E1BBD02F-45B4-4288-82C2-0BDBF4A0CBA8}
		{9A2C0326-47CC-496D-B4D7-3984ABCADC48} = {E1BBD02F-45B4-4288-82C2-0BDBF4A0CBA8}
	EndGlobalSection
	GlobalSection(ExtensibilityGlobals) = postSolution
		SolutionGuid = {544DC24E-E161-4625-B36F-29A8416C0DA4}
	EndGlobalSection
EndGlobal
