
Microsoft Visual Studio Solution File, Format Version 12.00
# Visual Studio Version 16
VisualStudioVersion = 16.0.31019.35
MinimumVisualStudioVersion = 10.0.40219.1
Project("{9A19103F-16F7-4668-BE54-9A1E7A4F7556}") = "AdditionalTask_1_Discord", "AdditionalTask_1\AdditionalTask_1_Discord.csproj", "{15320D79-2BC9-46EA-8C14-BCA44B1A929A}"
EndProject
Project("{FAE04EC0-301F-11D3-BF4B-00C04F79EFBC}") = "AdditionalTask_Arrays", "AdditionalTask_1_personal\AdditionalTask_Arrays.csproj", "{0D816676-B88D-4A03-A67F-386F3433D335}"
EndProject
Global
	GlobalSection(SolutionConfigurationPlatforms) = preSolution
		Debug|Any CPU = Debug|Any CPU
		Release|Any CPU = Release|Any CPU
	EndGlobalSection
	GlobalSection(ProjectConfigurationPlatforms) = postSolution
		{15320D79-2BC9-46EA-8C14-BCA44B1A929A}.Debug|Any CPU.ActiveCfg = Debug|Any CPU
		{15320D79-2BC9-46EA-8C14-BCA44B1A929A}.Debug|Any CPU.Build.0 = Debug|Any CPU
		{15320D79-2BC9-46EA-8C14-BCA44B1A929A}.Release|Any CPU.ActiveCfg = Release|Any CPU
		{15320D79-2BC9-46EA-8C14-BCA44B1A929A}.Release|Any CPU.Build.0 = Release|Any CPU
		{0D816676-B88D-4A03-A67F-386F3433D335}.Debug|Any CPU.ActiveCfg = Debug|Any CPU
		{0D816676-B88D-4A03-A67F-386F3433D335}.Debug|Any CPU.Build.0 = Debug|Any CPU
		{0D816676-B88D-4A03-A67F-386F3433D335}.Release|Any CPU.ActiveCfg = Release|Any CPU
		{0D816676-B88D-4A03-A67F-386F3433D335}.Release|Any CPU.Build.0 = Release|Any CPU
	EndGlobalSection
	GlobalSection(SolutionProperties) = preSolution
		HideSolutionNode = FALSE
	EndGlobalSection
	GlobalSection(ExtensibilityGlobals) = postSolution
		SolutionGuid = {686C09DD-DE87-4C09-8C46-8C889D6C8FA8}
	EndGlobalSection
EndGlobal
