
Microsoft Visual Studio Solution File, Format Version 12.00
# Visual Studio Version 16
VisualStudioVersion = 16.0.31019.35
MinimumVisualStudioVersion = 10.0.40219.1
Project("{FAE04EC0-301F-11D3-BF4B-00C04F79EFBC}") = "Week6_Task1", "Week6_Task1\Week6_Task1.csproj", "{2F338F78-0B85-4664-AA49-B1161F7D70BA}"
EndProject
Project("{FAE04EC0-301F-11D3-BF4B-00C04F79EFBC}") = "ConsoleApp2", "ConsoleApp2\ConsoleApp2.csproj", "{9BEE98D0-E443-4B69-9F62-521B9E3DA6ED}"
EndProject
Project("{FAE04EC0-301F-11D3-BF4B-00C04F79EFBC}") = "2_Week6_Task1", "2_Week6_Task1\2_Week6_Task1.csproj", "{B04EC444-110B-44B1-A68F-0740F5DF34E4}"
EndProject
Project("{FAE04EC0-301F-11D3-BF4B-00C04F79EFBC}") = "2_Week6_Task2", "2_Week6_Task2\2_Week6_Task2.csproj", "{7DAEC89B-8193-4E32-8015-44E0612F92FB}"
EndProject
Project("{FAE04EC0-301F-11D3-BF4B-00C04F79EFBC}") = "2_Week6_Task3", "2_Week6_Task3\2_Week6_Task3.csproj", "{E4A7A2F0-D1D3-40E7-9922-39814903CDAD}"
EndProject
Global
	GlobalSection(SolutionConfigurationPlatforms) = preSolution
		Debug|Any CPU = Debug|Any CPU
		Release|Any CPU = Release|Any CPU
	EndGlobalSection
	GlobalSection(ProjectConfigurationPlatforms) = postSolution
		{2F338F78-0B85-4664-AA49-B1161F7D70BA}.Debug|Any CPU.ActiveCfg = Debug|Any CPU
		{2F338F78-0B85-4664-AA49-B1161F7D70BA}.Debug|Any CPU.Build.0 = Debug|Any CPU
		{2F338F78-0B85-4664-AA49-B1161F7D70BA}.Release|Any CPU.ActiveCfg = Release|Any CPU
		{2F338F78-0B85-4664-AA49-B1161F7D70BA}.Release|Any CPU.Build.0 = Release|Any CPU
		{9BEE98D0-E443-4B69-9F62-521B9E3DA6ED}.Debug|Any CPU.ActiveCfg = Debug|Any CPU
		{9BEE98D0-E443-4B69-9F62-521B9E3DA6ED}.Debug|Any CPU.Build.0 = Debug|Any CPU
		{9BEE98D0-E443-4B69-9F62-521B9E3DA6ED}.Release|Any CPU.ActiveCfg = Release|Any CPU
		{9BEE98D0-E443-4B69-9F62-521B9E3DA6ED}.Release|Any CPU.Build.0 = Release|Any CPU
		{B04EC444-110B-44B1-A68F-0740F5DF34E4}.Debug|Any CPU.ActiveCfg = Debug|Any CPU
		{B04EC444-110B-44B1-A68F-0740F5DF34E4}.Debug|Any CPU.Build.0 = Debug|Any CPU
		{B04EC444-110B-44B1-A68F-0740F5DF34E4}.Release|Any CPU.ActiveCfg = Release|Any CPU
		{B04EC444-110B-44B1-A68F-0740F5DF34E4}.Release|Any CPU.Build.0 = Release|Any CPU
		{7DAEC89B-8193-4E32-8015-44E0612F92FB}.Debug|Any CPU.ActiveCfg = Debug|Any CPU
		{7DAEC89B-8193-4E32-8015-44E0612F92FB}.Debug|Any CPU.Build.0 = Debug|Any CPU
		{7DAEC89B-8193-4E32-8015-44E0612F92FB}.Release|Any CPU.ActiveCfg = Release|Any CPU
		{7DAEC89B-8193-4E32-8015-44E0612F92FB}.Release|Any CPU.Build.0 = Release|Any CPU
		{E4A7A2F0-D1D3-40E7-9922-39814903CDAD}.Debug|Any CPU.ActiveCfg = Debug|Any CPU
		{E4A7A2F0-D1D3-40E7-9922-39814903CDAD}.Debug|Any CPU.Build.0 = Debug|Any CPU
		{E4A7A2F0-D1D3-40E7-9922-39814903CDAD}.Release|Any CPU.ActiveCfg = Release|Any CPU
		{E4A7A2F0-D1D3-40E7-9922-39814903CDAD}.Release|Any CPU.Build.0 = Release|Any CPU
	EndGlobalSection
	GlobalSection(SolutionProperties) = preSolution
		HideSolutionNode = FALSE
	EndGlobalSection
	GlobalSection(ExtensibilityGlobals) = postSolution
		SolutionGuid = {25EEDBD1-A67B-4A5E-A01B-C6B0CD22F8AF}
	EndGlobalSection
EndGlobal
